# This file is autogenerated, do not edit; changes may be undone by the next 'dep ensure'.


[[projects]]
  branch = "master"
  digest = "1:0aa3883f8e21c66f799f69e736742bc33ca4ab2ec44f1fb8868c8a7d81a6e0ef"
  name = "github.com/fluffle/goirc"
  packages = [
    "client",
    "logging",
    "state",
  ]
  pruneopts = "UT"
  revision = "fc1dfa1ceb8897bcaa5231b560b9319591d4ab0a"

[[projects]]
  digest = "1:bc38c7c481812e178d85160472e231c5e1c9a7f5845d67e23ee4e706933c10d8"
  name = "github.com/golang/mock"
  packages = ["gomock"]
  pruneopts = "UT"
  revision = "c34cdb4725f4c3844d095133c6e40e448b86589b"
  version = "v1.1.1"

[[projects]]
  branch = "master"
  digest = "1:5ab79470a1d0fb19b041a624415612f8236b3c06070161a910562f2b2d064355"
  name = "github.com/mitchellh/mapstructure"
  packages = ["."]
  pruneopts = "UT"
  revision = "f15292f7a699fcc1a38a80977f80a046874ba8ac"

[[projects]]
  branch = "master"
  digest = "1:72c614df418a5c5c10c9f162fa703d948334f13747117baffc509fe770603063"
  name = "golang.org/x/net"
  packages = [
    "context",
    "internal/socks",
    "proxy",
  ]
  pruneopts = "UT"
  revision = "49c15d80dfbc983ea25246ee959d970efe09ec09"

[solve-meta]
  analyzer-name = "dep"
  analyzer-version = 1
  input-imports = [
    "github.com/fluffle/goirc/client",
    "github.com/mitchellh/mapstructure",
  ]
  solver-name = "gps-cdcl"
  solver-version = 1
